// !$*UTF8*$!
{
	archiveVersion = 1;
	classes = {
	};
	objectVersion = 55;
	objects = {

/* Begin PBXBuildFile section */
		8E4E669229701BDE00FD19FC /* AppDelegate.swift in Sources */ = {isa = PBXBuildFile; fileRef = 8E4E669129701BDE00FD19FC /* AppDelegate.swift */; };
		8E4E669629701BDE00FD19FC /* HelloViewController.swift in Sources */ = {isa = PBXBuildFile; fileRef = 8E4E669529701BDE00FD19FC /* HelloViewController.swift */; };
		8E4E669929701BDE00FD19FC /* HelloScreen.storyboard in Resources */ = {isa = PBXBuildFile; fileRef = 8E4E669729701BDE00FD19FC /* HelloScreen.storyboard */; };
		8E4E669C29701BDE00FD19FC /* Noontime_List.xcdatamodeld in Sources */ = {isa = PBXBuildFile; fileRef = 8E4E669A29701BDE00FD19FC /* Noontime_List.xcdatamodeld */; };
		8E4E669E29701BE100FD19FC /* Assets.xcassets in Resources */ = {isa = PBXBuildFile; fileRef = 8E4E669D29701BE100FD19FC /* Assets.xcassets */; };
		8E4E66A129701BE100FD19FC /* LaunchScreen.storyboard in Resources */ = {isa = PBXBuildFile; fileRef = 8E4E669F29701BE100FD19FC /* LaunchScreen.storyboard */; };
		8E4E66B32970280400FD19FC /* UINavigation+ViewControllerExtension.swift in Sources */ = {isa = PBXBuildFile; fileRef = 8E4E66B22970280400FD19FC /* UINavigation+ViewControllerExtension.swift */; };
		8E4E66B929702FFF00FD19FC /* PlannerViewController.swift in Sources */ = {isa = PBXBuildFile; fileRef = 8E4E66B829702FFF00FD19FC /* PlannerViewController.swift */; };
		8E4E66BB2970300C00FD19FC /* PlannerScreen.storyboard in Resources */ = {isa = PBXBuildFile; fileRef = 8E4E66BA2970300C00FD19FC /* PlannerScreen.storyboard */; };
		8E4E66BD2970343100FD19FC /* HabitsViewController.swift in Sources */ = {isa = PBXBuildFile; fileRef = 8E4E66BC2970343100FD19FC /* HabitsViewController.swift */; };
		8E4E66BF2970343F00FD19FC /* HabitsScreen.storyboard in Resources */ = {isa = PBXBuildFile; fileRef = 8E4E66BE2970343F00FD19FC /* HabitsScreen.storyboard */; };
		8E4E66C12970370000FD19FC /* NotesViewController.swift in Sources */ = {isa = PBXBuildFile; fileRef = 8E4E66C02970370000FD19FC /* NotesViewController.swift */; };
		8E4E66C32970370F00FD19FC /* NotesScreen.storyboard in Resources */ = {isa = PBXBuildFile; fileRef = 8E4E66C22970370F00FD19FC /* NotesScreen.storyboard */; };
		8E4E66C629703A7000FD19FC /* UserDefaultsKeys.swift in Sources */ = {isa = PBXBuildFile; fileRef = 8E4E66C529703A7000FD19FC /* UserDefaultsKeys.swift */; };
		8E4E66C829703B9F00FD19FC /* TabbarViewController.swift in Sources */ = {isa = PBXBuildFile; fileRef = 8E4E66C729703B9F00FD19FC /* TabbarViewController.swift */; };
		8E4E66CC29703D2800FD19FC /* HomePlannerViewController.swift in Sources */ = {isa = PBXBuildFile; fileRef = 8E4E66CB29703D2800FD19FC /* HomePlannerViewController.swift */; };
		8E4E66CE29703D3800FD19FC /* HomePlannerScreen.storyboard in Resources */ = {isa = PBXBuildFile; fileRef = 8E4E66CD29703D3800FD19FC /* HomePlannerScreen.storyboard */; };
		8E4E66D029703D5900FD19FC /* HomeHabitsViewController.swift in Sources */ = {isa = PBXBuildFile; fileRef = 8E4E66CF29703D5900FD19FC /* HomeHabitsViewController.swift */; };
		8E4E66D229703D6B00FD19FC /* HomeHabitsScreen.storyboard in Resources */ = {isa = PBXBuildFile; fileRef = 8E4E66D129703D6B00FD19FC /* HomeHabitsScreen.storyboard */; };
		8E4E66D429703D8800FD19FC /* HomeNotesViewController.swift in Sources */ = {isa = PBXBuildFile; fileRef = 8E4E66D329703D8800FD19FC /* HomeNotesViewController.swift */; };
		8E4E66D629703D9C00FD19FC /* HomeNotesScreen.storyboard in Resources */ = {isa = PBXBuildFile; fileRef = 8E4E66D529703D9C00FD19FC /* HomeNotesScreen.storyboard */; };
		8E4E66D82970411C00FD19FC /* TabbarScreen.storyboard in Resources */ = {isa = PBXBuildFile; fileRef = 8E4E66D72970411C00FD19FC /* TabbarScreen.storyboard */; };
		8E4E66DD2971598800FD19FC /* AddNoteViewController.swift in Sources */ = {isa = PBXBuildFile; fileRef = 8E4E66DC2971598800FD19FC /* AddNoteViewController.swift */; };
		8E4E66DF2971599900FD19FC /* AddNoteScreen.storyboard in Resources */ = {isa = PBXBuildFile; fileRef = 8E4E66DE2971599900FD19FC /* AddNoteScreen.storyboard */; };
		8E4E66E129716E0500FD19FC /* StringOptional+Extension.swift in Sources */ = {isa = PBXBuildFile; fileRef = 8E4E66E029716E0400FD19FC /* StringOptional+Extension.swift */; };
		8E4E66E32971703F00FD19FC /* Date+Extension.swift in Sources */ = {isa = PBXBuildFile; fileRef = 8E4E66E22971703F00FD19FC /* Date+Extension.swift */; };
		8E4E66E62971746400FD19FC /* CoreDataManager.swift in Sources */ = {isa = PBXBuildFile; fileRef = 8E4E66E52971746400FD19FC /* CoreDataManager.swift */; };
		8E4E66E92971758300FD19FC /* Note+CoreDataClass.swift in Sources */ = {isa = PBXBuildFile; fileRef = 8E4E66E72971758300FD19FC /* Note+CoreDataClass.swift */; };
		8E4E66EA2971758300FD19FC /* Note+CoreDataProperties.swift in Sources */ = {isa = PBXBuildFile; fileRef = 8E4E66E82971758300FD19FC /* Note+CoreDataProperties.swift */; };
		8EBFE40129754476004B677B /* HomeNotesCollectionViewCell.swift in Sources */ = {isa = PBXBuildFile; fileRef = 8EBFE3FF29754476004B677B /* HomeNotesCollectionViewCell.swift */; };
		8EBFE40229754476004B677B /* HomeNotesCollectionViewCell.xib in Resources */ = {isa = PBXBuildFile; fileRef = 8EBFE40029754476004B677B /* HomeNotesCollectionViewCell.xib */; };
/* End PBXBuildFile section */

/* Begin PBXFileReference section */
		8E4E668E29701BDE00FD19FC /* Noontime List.app */ = {isa = PBXFileReference; explicitFileType = wrapper.application; includeInIndex = 0; path = "Noontime List.app"; sourceTree = BUILT_PRODUCTS_DIR; };
		8E4E669129701BDE00FD19FC /* AppDelegate.swift */ = {isa = PBXFileReference; lastKnownFileType = sourcecode.swift; path = AppDelegate.swift; sourceTree = "<group>"; };
		8E4E669529701BDE00FD19FC /* HelloViewController.swift */ = {isa = PBXFileReference; lastKnownFileType = sourcecode.swift; path = HelloViewController.swift; sourceTree = "<group>"; };
		8E4E669829701BDE00FD19FC /* Base */ = {isa = PBXFileReference; lastKnownFileType = file.storyboard; name = Base; path = Base.lproj/HelloScreen.storyboard; sourceTree = "<group>"; };
		8E4E669B29701BDE00FD19FC /* Noontime_List.xcdatamodel */ = {isa = PBXFileReference; lastKnownFileType = wrapper.xcdatamodel; path = Noontime_List.xcdatamodel; sourceTree = "<group>"; };
		8E4E669D29701BE100FD19FC /* Assets.xcassets */ = {isa = PBXFileReference; lastKnownFileType = folder.assetcatalog; path = Assets.xcassets; sourceTree = "<group>"; };
		8E4E66A029701BE100FD19FC /* Base */ = {isa = PBXFileReference; lastKnownFileType = file.storyboard; name = Base; path = Base.lproj/LaunchScreen.storyboard; sourceTree = "<group>"; };
		8E4E66A229701BE100FD19FC /* Info.plist */ = {isa = PBXFileReference; lastKnownFileType = text.plist.xml; path = Info.plist; sourceTree = "<group>"; };
		8E4E66B22970280400FD19FC /* UINavigation+ViewControllerExtension.swift */ = {isa = PBXFileReference; lastKnownFileType = sourcecode.swift; path = "UINavigation+ViewControllerExtension.swift"; sourceTree = "<group>"; };
		8E4E66B829702FFF00FD19FC /* PlannerViewController.swift */ = {isa = PBXFileReference; lastKnownFileType = sourcecode.swift; path = PlannerViewController.swift; sourceTree = "<group>"; };
		8E4E66BA2970300C00FD19FC /* PlannerScreen.storyboard */ = {isa = PBXFileReference; lastKnownFileType = file.storyboard; path = PlannerScreen.storyboard; sourceTree = "<group>"; };
		8E4E66BC2970343100FD19FC /* HabitsViewController.swift */ = {isa = PBXFileReference; lastKnownFileType = sourcecode.swift; path = HabitsViewController.swift; sourceTree = "<group>"; };
		8E4E66BE2970343F00FD19FC /* HabitsScreen.storyboard */ = {isa = PBXFileReference; lastKnownFileType = file.storyboard; path = HabitsScreen.storyboard; sourceTree = "<group>"; };
		8E4E66C02970370000FD19FC /* NotesViewController.swift */ = {isa = PBXFileReference; lastKnownFileType = sourcecode.swift; path = NotesViewController.swift; sourceTree = "<group>"; };
		8E4E66C22970370F00FD19FC /* NotesScreen.storyboard */ = {isa = PBXFileReference; lastKnownFileType = file.storyboard; path = NotesScreen.storyboard; sourceTree = "<group>"; };
		8E4E66C529703A7000FD19FC /* UserDefaultsKeys.swift */ = {isa = PBXFileReference; lastKnownFileType = sourcecode.swift; path = UserDefaultsKeys.swift; sourceTree = "<group>"; };
		8E4E66C729703B9F00FD19FC /* TabbarViewController.swift */ = {isa = PBXFileReference; lastKnownFileType = sourcecode.swift; path = TabbarViewController.swift; sourceTree = "<group>"; };
		8E4E66CB29703D2800FD19FC /* HomePlannerViewController.swift */ = {isa = PBXFileReference; lastKnownFileType = sourcecode.swift; path = HomePlannerViewController.swift; sourceTree = "<group>"; };
		8E4E66CD29703D3800FD19FC /* HomePlannerScreen.storyboard */ = {isa = PBXFileReference; lastKnownFileType = file.storyboard; path = HomePlannerScreen.storyboard; sourceTree = "<group>"; };
		8E4E66CF29703D5900FD19FC /* HomeHabitsViewController.swift */ = {isa = PBXFileReference; lastKnownFileType = sourcecode.swift; path = HomeHabitsViewController.swift; sourceTree = "<group>"; };
		8E4E66D129703D6B00FD19FC /* HomeHabitsScreen.storyboard */ = {isa = PBXFileReference; lastKnownFileType = file.storyboard; path = HomeHabitsScreen.storyboard; sourceTree = "<group>"; };
		8E4E66D329703D8800FD19FC /* HomeNotesViewController.swift */ = {isa = PBXFileReference; lastKnownFileType = sourcecode.swift; path = HomeNotesViewController.swift; sourceTree = "<group>"; };
		8E4E66D529703D9C00FD19FC /* HomeNotesScreen.storyboard */ = {isa = PBXFileReference; lastKnownFileType = file.storyboard; path = HomeNotesScreen.storyboard; sourceTree = "<group>"; };
		8E4E66D72970411C00FD19FC /* TabbarScreen.storyboard */ = {isa = PBXFileReference; lastKnownFileType = file.storyboard; path = TabbarScreen.storyboard; sourceTree = "<group>"; };
		8E4E66DC2971598800FD19FC /* AddNoteViewController.swift */ = {isa = PBXFileReference; lastKnownFileType = sourcecode.swift; path = AddNoteViewController.swift; sourceTree = "<group>"; };
		8E4E66DE2971599900FD19FC /* AddNoteScreen.storyboard */ = {isa = PBXFileReference; lastKnownFileType = file.storyboard; path = AddNoteScreen.storyboard; sourceTree = "<group>"; };
		8E4E66E029716E0400FD19FC /* StringOptional+Extension.swift */ = {isa = PBXFileReference; lastKnownFileType = sourcecode.swift; path = "StringOptional+Extension.swift"; sourceTree = "<group>"; };
		8E4E66E22971703F00FD19FC /* Date+Extension.swift */ = {isa = PBXFileReference; lastKnownFileType = sourcecode.swift; path = "Date+Extension.swift"; sourceTree = "<group>"; };
		8E4E66E52971746400FD19FC /* CoreDataManager.swift */ = {isa = PBXFileReference; lastKnownFileType = sourcecode.swift; path = CoreDataManager.swift; sourceTree = "<group>"; };
		8E4E66E72971758300FD19FC /* Note+CoreDataClass.swift */ = {isa = PBXFileReference; lastKnownFileType = sourcecode.swift; path = "Note+CoreDataClass.swift"; sourceTree = "<group>"; };
		8E4E66E82971758300FD19FC /* Note+CoreDataProperties.swift */ = {isa = PBXFileReference; lastKnownFileType = sourcecode.swift; path = "Note+CoreDataProperties.swift"; sourceTree = "<group>"; };
		8EBFE3FF29754476004B677B /* HomeNotesCollectionViewCell.swift */ = {isa = PBXFileReference; lastKnownFileType = sourcecode.swift; path = HomeNotesCollectionViewCell.swift; sourceTree = "<group>"; };
		8EBFE40029754476004B677B /* HomeNotesCollectionViewCell.xib */ = {isa = PBXFileReference; lastKnownFileType = file.xib; path = HomeNotesCollectionViewCell.xib; sourceTree = "<group>"; };
/* End PBXFileReference section */

/* Begin PBXFrameworksBuildPhase section */
		8E4E668B29701BDE00FD19FC /* Frameworks */ = {
			isa = PBXFrameworksBuildPhase;
			buildActionMask = 2147483647;
			files = (
			);
			runOnlyForDeploymentPostprocessing = 0;
		};
/* End PBXFrameworksBuildPhase section */

/* Begin PBXGroup section */
		8E4E668529701BDE00FD19FC = {
			isa = PBXGroup;
			children = (
				8E4E669029701BDE00FD19FC /* Noontime List */,
				8E4E668F29701BDE00FD19FC /* Products */,
			);
			sourceTree = "<group>";
		};
		8E4E668F29701BDE00FD19FC /* Products */ = {
			isa = PBXGroup;
			children = (
				8E4E668E29701BDE00FD19FC /* Noontime List.app */,
			);
			name = Products;
			sourceTree = "<group>";
		};
		8E4E669029701BDE00FD19FC /* Noontime List */ = {
			isa = PBXGroup;
			children = (
				8E4E66E42971744300FD19FC /* Store */,
				8E4E66B0297027E600FD19FC /* Helper */,
				8E4E66AA29701E2500FD19FC /* Screens */,
				8E4E66A829701D5100FD19FC /* App */,
			);
			path = "Noontime List";
			sourceTree = "<group>";
		};
		8E4E66A829701D5100FD19FC /* App */ = {
			isa = PBXGroup;
			children = (
				8E4E66A929701DD000FD19FC /* Resource */,
				8E4E669129701BDE00FD19FC /* AppDelegate.swift */,
				8E4E669F29701BE100FD19FC /* LaunchScreen.storyboard */,
				8E4E66A229701BE100FD19FC /* Info.plist */,
				8E4E669A29701BDE00FD19FC /* Noontime_List.xcdatamodeld */,
			);
			path = App;
			sourceTree = "<group>";
		};
		8E4E66A929701DD000FD19FC /* Resource */ = {
			isa = PBXGroup;
			children = (
				8E4E669D29701BE100FD19FC /* Assets.xcassets */,
			);
			path = Resource;
			sourceTree = "<group>";
		};
		8E4E66AA29701E2500FD19FC /* Screens */ = {
			isa = PBXGroup;
			children = (
				8E4E66AB2970207300FD19FC /* Onboarding */,
				8E4E66B429702F8900FD19FC /* Tabbar */,
				8E4E66B529702F9E00FD19FC /* HomePlanner */,
				8E4E66D92971593500FD19FC /* AddTask */,
				8E4E66B629702FAB00FD19FC /* HomeHabits */,
				8E4E66DA2971594700FD19FC /* AddHabit */,
				8E4E66B729702FB800FD19FC /* HomeNotes */,
				8E4E66DB2971595500FD19FC /* AddNote */,
			);
			path = Screens;
			sourceTree = "<group>";
		};
		8E4E66AB2970207300FD19FC /* Onboarding */ = {
			isa = PBXGroup;
			children = (
				8E4E66AC2970209B00FD19FC /* Hello */,
				8E4E66AD297020A200FD19FC /* Planner  */,
				8E4E66AE297020AF00FD19FC /* Habits */,
				8E4E66AF297020BE00FD19FC /* Notes */,
			);
			path = Onboarding;
			sourceTree = "<group>";
		};
		8E4E66AC2970209B00FD19FC /* Hello */ = {
			isa = PBXGroup;
			children = (
				8E4E669529701BDE00FD19FC /* HelloViewController.swift */,
				8E4E669729701BDE00FD19FC /* HelloScreen.storyboard */,
			);
			path = Hello;
			sourceTree = "<group>";
		};
		8E4E66AD297020A200FD19FC /* Planner  */ = {
			isa = PBXGroup;
			children = (
				8E4E66B829702FFF00FD19FC /* PlannerViewController.swift */,
				8E4E66BA2970300C00FD19FC /* PlannerScreen.storyboard */,
			);
			path = "Planner ";
			sourceTree = "<group>";
		};
		8E4E66AE297020AF00FD19FC /* Habits */ = {
			isa = PBXGroup;
			children = (
				8E4E66BC2970343100FD19FC /* HabitsViewController.swift */,
				8E4E66BE2970343F00FD19FC /* HabitsScreen.storyboard */,
			);
			path = Habits;
			sourceTree = "<group>";
		};
		8E4E66AF297020BE00FD19FC /* Notes */ = {
			isa = PBXGroup;
			children = (
				8E4E66C02970370000FD19FC /* NotesViewController.swift */,
				8E4E66C22970370F00FD19FC /* NotesScreen.storyboard */,
			);
			path = Notes;
			sourceTree = "<group>";
		};
		8E4E66B0297027E600FD19FC /* Helper */ = {
			isa = PBXGroup;
			children = (
				8E4E66C429703A4F00FD19FC /* Type */,
				8E4E66B1297027F500FD19FC /* Extension */,
			);
			path = Helper;
			sourceTree = "<group>";
		};
		8E4E66B1297027F500FD19FC /* Extension */ = {
			isa = PBXGroup;
			children = (
				8E4E66B22970280400FD19FC /* UINavigation+ViewControllerExtension.swift */,
				8E4E66E029716E0400FD19FC /* StringOptional+Extension.swift */,
				8E4E66E22971703F00FD19FC /* Date+Extension.swift */,
			);
			path = Extension;
			sourceTree = "<group>";
		};
		8E4E66B429702F8900FD19FC /* Tabbar */ = {
			isa = PBXGroup;
			children = (
				8E4E66C729703B9F00FD19FC /* TabbarViewController.swift */,
				8E4E66D72970411C00FD19FC /* TabbarScreen.storyboard */,
			);
			path = Tabbar;
			sourceTree = "<group>";
		};
		8E4E66B529702F9E00FD19FC /* HomePlanner */ = {
			isa = PBXGroup;
			children = (
				8E4E66CB29703D2800FD19FC /* HomePlannerViewController.swift */,
				8E4E66CD29703D3800FD19FC /* HomePlannerScreen.storyboard */,
			);
			path = HomePlanner;
			sourceTree = "<group>";
		};
		8E4E66B629702FAB00FD19FC /* HomeHabits */ = {
			isa = PBXGroup;
			children = (
				8E4E66CF29703D5900FD19FC /* HomeHabitsViewController.swift */,
				8E4E66D129703D6B00FD19FC /* HomeHabitsScreen.storyboard */,
			);
			path = HomeHabits;
			sourceTree = "<group>";
		};
		8E4E66B729702FB800FD19FC /* HomeNotes */ = {
			isa = PBXGroup;
			children = (
				8EBFE3FE2975444B004B677B /* Cell */,
				8E4E66D329703D8800FD19FC /* HomeNotesViewController.swift */,
				8E4E66D529703D9C00FD19FC /* HomeNotesScreen.storyboard */,
			);
			path = HomeNotes;
			sourceTree = "<group>";
		};
		8E4E66C429703A4F00FD19FC /* Type */ = {
			isa = PBXGroup;
			children = (
				8E4E66C529703A7000FD19FC /* UserDefaultsKeys.swift */,
			);
			path = Type;
			sourceTree = "<group>";
		};
		8E4E66D92971593500FD19FC /* AddTask */ = {
			isa = PBXGroup;
			children = (
			);
			path = AddTask;
			sourceTree = "<group>";
		};
		8E4E66DA2971594700FD19FC /* AddHabit */ = {
			isa = PBXGroup;
			children = (
			);
			path = AddHabit;
			sourceTree = "<group>";
		};
		8E4E66DB2971595500FD19FC /* AddNote */ = {
			isa = PBXGroup;
			children = (
				8E4E66DC2971598800FD19FC /* AddNoteViewController.swift */,
				8E4E66DE2971599900FD19FC /* AddNoteScreen.storyboard */,
			);
			path = AddNote;
			sourceTree = "<group>";
		};
		8E4E66E42971744300FD19FC /* Store */ = {
			isa = PBXGroup;
			children = (
				8E4E66E52971746400FD19FC /* CoreDataManager.swift */,
				8E4E66E72971758300FD19FC /* Note+CoreDataClass.swift */,
				8E4E66E82971758300FD19FC /* Note+CoreDataProperties.swift */,
			);
			path = Store;
			sourceTree = "<group>";
		};
		8EBFE3FE2975444B004B677B /* Cell */ = {
			isa = PBXGroup;
			children = (
				8EBFE3FF29754476004B677B /* HomeNotesCollectionViewCell.swift */,
				8EBFE40029754476004B677B /* HomeNotesCollectionViewCell.xib */,
			);
			path = Cell;
			sourceTree = "<group>";
		};
/* End PBXGroup section */

/* Begin PBXNativeTarget section */
		8E4E668D29701BDE00FD19FC /* Noontime List */ = {
			isa = PBXNativeTarget;
			buildConfigurationList = 8E4E66A529701BE100FD19FC /* Build configuration list for PBXNativeTarget "Noontime List" */;
			buildPhases = (
				8E4E668A29701BDE00FD19FC /* Sources */,
				8E4E668B29701BDE00FD19FC /* Frameworks */,
				8E4E668C29701BDE00FD19FC /* Resources */,
			);
			buildRules = (
			);
			dependencies = (
			);
			name = "Noontime List";
			productName = "Noontime List";
			productReference = 8E4E668E29701BDE00FD19FC /* Noontime List.app */;
			productType = "com.apple.product-type.application";
		};
/* End PBXNativeTarget section */

/* Begin PBXProject section */
		8E4E668629701BDE00FD19FC /* Project object */ = {
			isa = PBXProject;
			attributes = {
				BuildIndependentTargetsInParallel = 1;
				LastSwiftUpdateCheck = 1320;
				LastUpgradeCheck = 1320;
				TargetAttributes = {
					8E4E668D29701BDE00FD19FC = {
						CreatedOnToolsVersion = 13.2;
					};
				};
			};
			buildConfigurationList = 8E4E668929701BDE00FD19FC /* Build configuration list for PBXProject "Noontime List" */;
			compatibilityVersion = "Xcode 13.0";
			developmentRegion = en;
			hasScannedForEncodings = 0;
			knownRegions = (
				en,
				Base,
			);
			mainGroup = 8E4E668529701BDE00FD19FC;
			productRefGroup = 8E4E668F29701BDE00FD19FC /* Products */;
			projectDirPath = "";
			projectRoot = "";
			targets = (
				8E4E668D29701BDE00FD19FC /* Noontime List */,
			);
		};
/* End PBXProject section */

/* Begin PBXResourcesBuildPhase section */
		8E4E668C29701BDE00FD19FC /* Resources */ = {
			isa = PBXResourcesBuildPhase;
			buildActionMask = 2147483647;
			files = (
				8E4E66C32970370F00FD19FC /* NotesScreen.storyboard in Resources */,
				8EBFE40229754476004B677B /* HomeNotesCollectionViewCell.xib in Resources */,
				8E4E66D229703D6B00FD19FC /* HomeHabitsScreen.storyboard in Resources */,
				8E4E66D82970411C00FD19FC /* TabbarScreen.storyboard in Resources */,
				8E4E66DF2971599900FD19FC /* AddNoteScreen.storyboard in Resources */,
				8E4E66A129701BE100FD19FC /* LaunchScreen.storyboard in Resources */,
				8E4E669E29701BE100FD19FC /* Assets.xcassets in Resources */,
				8E4E66CE29703D3800FD19FC /* HomePlannerScreen.storyboard in Resources */,
				8E4E66BF2970343F00FD19FC /* HabitsScreen.storyboard in Resources */,
				8E4E669929701BDE00FD19FC /* HelloScreen.storyboard in Resources */,
				8E4E66BB2970300C00FD19FC /* PlannerScreen.storyboard in Resources */,
				8E4E66D629703D9C00FD19FC /* HomeNotesScreen.storyboard in Resources */,
			);
			runOnlyForDeploymentPostprocessing = 0;
		};
/* End PBXResourcesBuildPhase section */

/* Begin PBXSourcesBuildPhase section */
		8E4E668A29701BDE00FD19FC /* Sources */ = {
			isa = PBXSourcesBuildPhase;
			buildActionMask = 2147483647;
			files = (
				8E4E66C629703A7000FD19FC /* UserDefaultsKeys.swift in Sources */,
				8E4E669629701BDE00FD19FC /* HelloViewController.swift in Sources */,
				8E4E66BD2970343100FD19FC /* HabitsViewController.swift in Sources */,
				8E4E669229701BDE00FD19FC /* AppDelegate.swift in Sources */,
				8E4E66C12970370000FD19FC /* NotesViewController.swift in Sources */,
				8E4E66E32971703F00FD19FC /* Date+Extension.swift in Sources */,
				8E4E66D429703D8800FD19FC /* HomeNotesViewController.swift in Sources */,
				8EBFE40129754476004B677B /* HomeNotesCollectionViewCell.swift in Sources */,
				8E4E66E62971746400FD19FC /* CoreDataManager.swift in Sources */,
				8E4E66E129716E0500FD19FC /* StringOptional+Extension.swift in Sources */,
				8E4E66B929702FFF00FD19FC /* PlannerViewController.swift in Sources */,
				8E4E66B32970280400FD19FC /* UINavigation+ViewControllerExtension.swift in Sources */,
				8E4E66D029703D5900FD19FC /* HomeHabitsViewController.swift in Sources */,
				8E4E66DD2971598800FD19FC /* AddNoteViewController.swift in Sources */,
				8E4E66E92971758300FD19FC /* Note+CoreDataClass.swift in Sources */,
				8E4E669C29701BDE00FD19FC /* Noontime_List.xcdatamodeld in Sources */,
				8E4E66CC29703D2800FD19FC /* HomePlannerViewController.swift in Sources */,
				8E4E66C829703B9F00FD19FC /* TabbarViewController.swift in Sources */,
				8E4E66EA2971758300FD19FC /* Note+CoreDataProperties.swift in Sources */,
			);
			runOnlyForDeploymentPostprocessing = 0;
		};
/* End PBXSourcesBuildPhase section */

/* Begin PBXVariantGroup section */
		8E4E669729701BDE00FD19FC /* HelloScreen.storyboard */ = {
			isa = PBXVariantGroup;
			children = (
				8E4E669829701BDE00FD19FC /* Base */,
			);
			name = HelloScreen.storyboard;
			sourceTree = "<group>";
		};
		8E4E669F29701BE100FD19FC /* LaunchScreen.storyboard */ = {
			isa = PBXVariantGroup;
			children = (
				8E4E66A029701BE100FD19FC /* Base */,
			);
			name = LaunchScreen.storyboard;
			sourceTree = "<group>";
		};
/* End PBXVariantGroup section */

/* Begin XCBuildConfiguration section */
		8E4E66A329701BE100FD19FC /* Debug */ = {
			isa = XCBuildConfiguration;
			buildSettings = {
				ALWAYS_SEARCH_USER_PATHS = NO;
				CLANG_ANALYZER_NONNULL = YES;
				CLANG_ANALYZER_NUMBER_OBJECT_CONVERSION = YES_AGGRESSIVE;
				CLANG_CXX_LANGUAGE_STANDARD = "gnu++17";
				CLANG_CXX_LIBRARY = "libc++";
				CLANG_ENABLE_MODULES = YES;
				CLANG_ENABLE_OBJC_ARC = YES;
				CLANG_ENABLE_OBJC_WEAK = YES;
				CLANG_WARN_BLOCK_CAPTURE_AUTORELEASING = YES;
				CLANG_WARN_BOOL_CONVERSION = YES;
				CLANG_WARN_COMMA = YES;
				CLANG_WARN_CONSTANT_CONVERSION = YES;
				CLANG_WARN_DEPRECATED_OBJC_IMPLEMENTATIONS = YES;
				CLANG_WARN_DIRECT_OBJC_ISA_USAGE = YES_ERROR;
				CLANG_WARN_DOCUMENTATION_COMMENTS = YES;
				CLANG_WARN_EMPTY_BODY = YES;
				CLANG_WARN_ENUM_CONVERSION = YES;
				CLANG_WARN_INFINITE_RECURSION = YES;
				CLANG_WARN_INT_CONVERSION = YES;
				CLANG_WARN_NON_LITERAL_NULL_CONVERSION = YES;
				CLANG_WARN_OBJC_IMPLICIT_RETAIN_SELF = YES;
				CLANG_WARN_OBJC_LITERAL_CONVERSION = YES;
				CLANG_WARN_OBJC_ROOT_CLASS = YES_ERROR;
				CLANG_WARN_QUOTED_INCLUDE_IN_FRAMEWORK_HEADER = YES;
				CLANG_WARN_RANGE_LOOP_ANALYSIS = YES;
				CLANG_WARN_STRICT_PROTOTYPES = YES;
				CLANG_WARN_SUSPICIOUS_MOVE = YES;
				CLANG_WARN_UNGUARDED_AVAILABILITY = YES_AGGRESSIVE;
				CLANG_WARN_UNREACHABLE_CODE = YES;
				CLANG_WARN__DUPLICATE_METHOD_MATCH = YES;
				COPY_PHASE_STRIP = NO;
				DEBUG_INFORMATION_FORMAT = dwarf;
				ENABLE_STRICT_OBJC_MSGSEND = YES;
				ENABLE_TESTABILITY = YES;
				GCC_C_LANGUAGE_STANDARD = gnu11;
				GCC_DYNAMIC_NO_PIC = NO;
				GCC_NO_COMMON_BLOCKS = YES;
				GCC_OPTIMIZATION_LEVEL = 0;
				GCC_PREPROCESSOR_DEFINITIONS = (
					"DEBUG=1",
					"$(inherited)",
				);
				GCC_WARN_64_TO_32_BIT_CONVERSION = YES;
				GCC_WARN_ABOUT_RETURN_TYPE = YES_ERROR;
				GCC_WARN_UNDECLARED_SELECTOR = YES;
				GCC_WARN_UNINITIALIZED_AUTOS = YES_AGGRESSIVE;
				GCC_WARN_UNUSED_FUNCTION = YES;
				GCC_WARN_UNUSED_VARIABLE = YES;
				IPHONEOS_DEPLOYMENT_TARGET = 15.2;
				MTL_ENABLE_DEBUG_INFO = INCLUDE_SOURCE;
				MTL_FAST_MATH = YES;
				ONLY_ACTIVE_ARCH = YES;
				SDKROOT = iphoneos;
				SWIFT_ACTIVE_COMPILATION_CONDITIONS = DEBUG;
				SWIFT_OPTIMIZATION_LEVEL = "-Onone";
			};
			name = Debug;
		};
		8E4E66A429701BE100FD19FC /* Release */ = {
			isa = XCBuildConfiguration;
			buildSettings = {
				ALWAYS_SEARCH_USER_PATHS = NO;
				CLANG_ANALYZER_NONNULL = YES;
				CLANG_ANALYZER_NUMBER_OBJECT_CONVERSION = YES_AGGRESSIVE;
				CLANG_CXX_LANGUAGE_STANDARD = "gnu++17";
				CLANG_CXX_LIBRARY = "libc++";
				CLANG_ENABLE_MODULES = YES;
				CLANG_ENABLE_OBJC_ARC = YES;
				CLANG_ENABLE_OBJC_WEAK = YES;
				CLANG_WARN_BLOCK_CAPTURE_AUTORELEASING = YES;
				CLANG_WARN_BOOL_CONVERSION = YES;
				CLANG_WARN_COMMA = YES;
				CLANG_WARN_CONSTANT_CONVERSION = YES;
				CLANG_WARN_DEPRECATED_OBJC_IMPLEMENTATIONS = YES;
				CLANG_WARN_DIRECT_OBJC_ISA_USAGE = YES_ERROR;
				CLANG_WARN_DOCUMENTATION_COMMENTS = YES;
				CLANG_WARN_EMPTY_BODY = YES;
				CLANG_WARN_ENUM_CONVERSION = YES;
				CLANG_WARN_INFINITE_RECURSION = YES;
				CLANG_WARN_INT_CONVERSION = YES;
				CLANG_WARN_NON_LITERAL_NULL_CONVERSION = YES;
				CLANG_WARN_OBJC_IMPLICIT_RETAIN_SELF = YES;
				CLANG_WARN_OBJC_LITERAL_CONVERSION = YES;
				CLANG_WARN_OBJC_ROOT_CLASS = YES_ERROR;
				CLANG_WARN_QUOTED_INCLUDE_IN_FRAMEWORK_HEADER = YES;
				CLANG_WARN_RANGE_LOOP_ANALYSIS = YES;
				CLANG_WARN_STRICT_PROTOTYPES = YES;
				CLANG_WARN_SUSPICIOUS_MOVE = YES;
				CLANG_WARN_UNGUARDED_AVAILABILITY = YES_AGGRESSIVE;
				CLANG_WARN_UNREACHABLE_CODE = YES;
				CLANG_WARN__DUPLICATE_METHOD_MATCH = YES;
				COPY_PHASE_STRIP = NO;
				DEBUG_INFORMATION_FORMAT = "dwarf-with-dsym";
				ENABLE_NS_ASSERTIONS = NO;
				ENABLE_STRICT_OBJC_MSGSEND = YES;
				GCC_C_LANGUAGE_STANDARD = gnu11;
				GCC_NO_COMMON_BLOCKS = YES;
				GCC_WARN_64_TO_32_BIT_CONVERSION = YES;
				GCC_WARN_ABOUT_RETURN_TYPE = YES_ERROR;
				GCC_WARN_UNDECLARED_SELECTOR = YES;
				GCC_WARN_UNINITIALIZED_AUTOS = YES_AGGRESSIVE;
				GCC_WARN_UNUSED_FUNCTION = YES;
				GCC_WARN_UNUSED_VARIABLE = YES;
				IPHONEOS_DEPLOYMENT_TARGET = 15.2;
				MTL_ENABLE_DEBUG_INFO = NO;
				MTL_FAST_MATH = YES;
				SDKROOT = iphoneos;
				SWIFT_COMPILATION_MODE = wholemodule;
				SWIFT_OPTIMIZATION_LEVEL = "-O";
				VALIDATE_PRODUCT = YES;
			};
			name = Release;
		};
		8E4E66A629701BE100FD19FC /* Debug */ = {
			isa = XCBuildConfiguration;
			buildSettings = {
				ASSETCATALOG_COMPILER_APPICON_NAME = AppIcon;
				ASSETCATALOG_COMPILER_GLOBAL_ACCENT_COLOR_NAME = AccentColor;
				CODE_SIGN_STYLE = Automatic;
				CURRENT_PROJECT_VERSION = 1;
				GENERATE_INFOPLIST_FILE = YES;
				INFOPLIST_FILE = "Noontime List/Info.plist";
				INFOPLIST_KEY_UIApplicationSupportsIndirectInputEvents = YES;
				INFOPLIST_KEY_UILaunchStoryboardName = LaunchScreen;
				INFOPLIST_KEY_UIMainStoryboardFile = HelloScreen;
				INFOPLIST_KEY_UISupportedInterfaceOrientations_iPad = "UIInterfaceOrientationPortrait UIInterfaceOrientationPortraitUpsideDown UIInterfaceOrientationLandscapeLeft UIInterfaceOrientationLandscapeRight";
				INFOPLIST_KEY_UISupportedInterfaceOrientations_iPhone = "UIInterfaceOrientationPortrait UIInterfaceOrientationLandscapeLeft UIInterfaceOrientationLandscapeRight";
				LD_RUNPATH_SEARCH_PATHS = (
					"$(inherited)",
					"@executable_path/Frameworks",
				);
				MARKETING_VERSION = 1.0;
				PRODUCT_BUNDLE_IDENTIFIER = "n.12.Noontime-List";
				PRODUCT_NAME = "$(TARGET_NAME)";
				SWIFT_EMIT_LOC_STRINGS = YES;
				SWIFT_VERSION = 5.0;
				TARGETED_DEVICE_FAMILY = 1;
			};
			name = Debug;
		};
		8E4E66A729701BE100FD19FC /* Release */ = {
			isa = XCBuildConfiguration;
			buildSettings = {
				ASSETCATALOG_COMPILER_APPICON_NAME = AppIcon;
				ASSETCATALOG_COMPILER_GLOBAL_ACCENT_COLOR_NAME = AccentColor;
				CODE_SIGN_STYLE = Automatic;
				CURRENT_PROJECT_VERSION = 1;
				GENERATE_INFOPLIST_FILE = YES;
				INFOPLIST_FILE = "Noontime List/Info.plist";
				INFOPLIST_KEY_UIApplicationSupportsIndirectInputEvents = YES;
				INFOPLIST_KEY_UILaunchStoryboardName = LaunchScreen;
				INFOPLIST_KEY_UIMainStoryboardFile = HelloScreen;
				INFOPLIST_KEY_UISupportedInterfaceOrientations_iPad = "UIInterfaceOrientationPortrait UIInterfaceOrientationPortraitUpsideDown UIInterfaceOrientationLandscapeLeft UIInterfaceOrientationLandscapeRight";
				INFOPLIST_KEY_UISupportedInterfaceOrientations_iPhone = "UIInterfaceOrientationPortrait UIInterfaceOrientationLandscapeLeft UIInterfaceOrientationLandscapeRight";
				LD_RUNPATH_SEARCH_PATHS = (
					"$(inherited)",
					"@executable_path/Frameworks",
				);
				MARKETING_VERSION = 1.0;
				PRODUCT_BUNDLE_IDENTIFIER = "n.12.Noontime-List";
				PRODUCT_NAME = "$(TARGET_NAME)";
				SWIFT_EMIT_LOC_STRINGS = YES;
				SWIFT_VERSION = 5.0;
				TARGETED_DEVICE_FAMILY = 1;
			};
			name = Release;
		};
/* End XCBuildConfiguration section */

/* Begin XCConfigurationList section */
		8E4E668929701BDE00FD19FC /* Build configuration list for PBXProject "Noontime List" */ = {
			isa = XCConfigurationList;
			buildConfigurations = (
				8E4E66A329701BE100FD19FC /* Debug */,
				8E4E66A429701BE100FD19FC /* Release */,
			);
			defaultConfigurationIsVisible = 0;
			defaultConfigurationName = Release;
		};
		8E4E66A529701BE100FD19FC /* Build configuration list for PBXNativeTarget "Noontime List" */ = {
			isa = XCConfigurationList;
			buildConfigurations = (
				8E4E66A629701BE100FD19FC /* Debug */,
				8E4E66A729701BE100FD19FC /* Release */,
			);
			defaultConfigurationIsVisible = 0;
			defaultConfigurationName = Release;
		};
/* End XCConfigurationList section */

/* Begin XCVersionGroup section */
		8E4E669A29701BDE00FD19FC /* Noontime_List.xcdatamodeld */ = {
			isa = XCVersionGroup;
			children = (
				8E4E669B29701BDE00FD19FC /* Noontime_List.xcdatamodel */,
			);
			currentVersion = 8E4E669B29701BDE00FD19FC /* Noontime_List.xcdatamodel */;
			path = Noontime_List.xcdatamodeld;
			sourceTree = "<group>";
			versionGroupType = wrapper.xcdatamodel;
		};
/* End XCVersionGroup section */
	};
	rootObject = 8E4E668629701BDE00FD19FC /* Project object */;
}
